Microsoft Visual Studio Solution File, Format Version 12.00
# Visual Studio Version 17
VisualStudioVersion = 17.9.34414.90
MinimumVisualStudioVersion = 10.0.40219.1
Project("{9A19103F-16F7-4668-BE54-9A1E7A4F7556}") = "MadeByDade.Living.AppHost", "MadeByDade.Living.AppHost\MadeByDade.Living.AppHost.csproj", "{3A53CE66-511B-4B3E-9688-2CA51429EA75}"
EndProject
Project("{9A19103F-16F7-4668-BE54-9A1E7A4F7556}") = "MadeByDade.Living.ServiceDefaults", "MadeByDade.Living.ServiceDefaults\MadeByDade.Living.ServiceDefaults.csproj", "{F9CD8803-D843-41FE-98DE-67DA2D61F520}"
EndProject
Project("{9A19103F-16F7-4668-BE54-9A1E7A4F7556}") = "MadeByDade.Living.API", "MadeByDade.Living.API\MadeByDade.Living.API.csproj", "{73569C6D-A884-4D4F-B892-DD6567BD6CBD}"
EndProject
Project("{9A19103F-16F7-4668-BE54-9A1E7A4F7556}") = "MadeByDade.Living.Data", "MadeByDade.Living.Data\MadeByDade.Living.Data.csproj", "{95670653-FDC9-450E-9D38-6E6335DF93EE}"
EndProject
Project("{FAE04EC0-301F-11D3-BF4B-00C04F79EFBC}") = "MadeByDade.Living.Functions", "MadeByDade.Living.Functions\MadeByDade.Living.Functions.csproj", "{BE340D40-8F65-47EB-8698-D2D601752626}"
EndProject
Global
	GlobalSection(SolutionConfigurationPlatforms) = preSolution
		Debug|Any CPU = Debug|Any CPU
		Release|Any CPU = Release|Any CPU
	EndGlobalSection
	GlobalSection(ProjectConfigurationPlatforms) = postSolution
		{3A53CE66-511B-4B3E-9688-2CA51429EA75}.Debug|Any CPU.ActiveCfg = Debug|Any CPU
		{3A53CE66-511B-4B3E-9688-2CA51429EA75}.Debug|Any CPU.Build.0 = Debug|Any CPU
		{3A53CE66-511B-4B3E-9688-2CA51429EA75}.Release|Any CPU.ActiveCfg = Release|Any CPU
		{3A53CE66-511B-4B3E-9688-2CA51429EA75}.Release|Any CPU.Build.0 = Release|Any CPU
		{F9CD8803-D843-41FE-98DE-67DA2D61F520}.Debug|Any CPU.ActiveCfg = Debug|Any CPU
		{F9CD8803-D843-41FE-98DE-67DA2D61F520}.Debug|Any CPU.Build.0 = Debug|Any CPU
		{F9CD8803-D843-41FE-98DE-67DA2D61F520}.Release|Any CPU.ActiveCfg = Release|Any CPU
		{F9CD8803-D843-41FE-98DE-67DA2D61F520}.Release|Any CPU.Build.0 = Release|Any CPU
		{73569C6D-A884-4D4F-B892-DD6567BD6CBD}.Debug|Any CPU.ActiveCfg = Debug|Any CPU
		{73569C6D-A884-4D4F-B892-DD6567BD6CBD}.Debug|Any CPU.Build.0 = Debug|Any CPU
		{73569C6D-A884-4D4F-B892-DD6567BD6CBD}.Release|Any CPU.ActiveCfg = Release|Any CPU
		{73569C6D-A884-4D4F-B892-DD6567BD6CBD}.Release|Any CPU.Build.0 = Release|Any CPU
		{95670653-FDC9-450E-9D38-6E6335DF93EE}.Debug|Any CPU.ActiveCfg = Debug|Any CPU
		{95670653-FDC9-450E-9D38-6E6335DF93EE}.Debug|Any CPU.Build.0 = Debug|Any CPU
		{95670653-FDC9-450E-9D38-6E6335DF93EE}.Release|Any CPU.ActiveCfg = Release|Any CPU
		{95670653-FDC9-450E-9D38-6E6335DF93EE}.Release|Any CPU.Build.0 = Release|Any CPU
		{BE340D40-8F65-47EB-8698-D2D601752626}.Debug|Any CPU.ActiveCfg = Debug|Any CPU
		{BE340D40-8F65-47EB-8698-D2D601752626}.Debug|Any CPU.Build.0 = Debug|Any CPU
		{BE340D40-8F65-47EB-8698-D2D601752626}.Release|Any CPU.ActiveCfg = Release|Any CPU
		{BE340D40-8F65-47EB-8698-D2D601752626}.Release|Any CPU.Build.0 = Release|Any CPU
	EndGlobalSection
	GlobalSection(SolutionProperties) = preSolution
		HideSolutionNode = FALSE
	EndGlobalSection
	GlobalSection(ExtensibilityGlobals) = postSolution
		SolutionGuid = {A9803A38-AFAB-431E-B6BF-1FE769DAF72F}
	EndGlobalSection
EndGlobal
